// !$*UTF8*$!
{
	archiveVersion = 1;
	classes = {
	};
	objectVersion = 46;
	objects = {

/* Begin PBXBuildFile section */
		44E57C1F1E3FACDC00B784CE /* main.m in Sources */ = {isa = PBXBuildFile; fileRef = 44E57C1E1E3FACDC00B784CE /* main.m */; };
		44E57C221E3FACDC00B784CE /* AppDelegate.m in Sources */ = {isa = PBXBuildFile; fileRef = 44E57C211E3FACDC00B784CE /* AppDelegate.m */; };
		44E57C281E3FACDC00B784CE /* Main.storyboard in Resources */ = {isa = PBXBuildFile; fileRef = 44E57C261E3FACDC00B784CE /* Main.storyboard */; };
		44E57C2A1E3FACDC00B784CE /* Assets.xcassets in Resources */ = {isa = PBXBuildFile; fileRef = 44E57C291E3FACDC00B784CE /* Assets.xcassets */; };
		44E57C2D1E3FACDC00B784CE /* LaunchScreen.storyboard in Resources */ = {isa = PBXBuildFile; fileRef = 44E57C2B1E3FACDC00B784CE /* LaunchScreen.storyboard */; };
		44E57C361E3FB3A700B784CE /* PokemonListViewController.m in Sources */ = {isa = PBXBuildFile; fileRef = 44E57C351E3FB3A700B784CE /* PokemonListViewController.m */; };
		44E57C3A1E3FBAF400B784CE /* PokemonDetails.m in Sources */ = {isa = PBXBuildFile; fileRef = 44E57C391E3FBAF400B784CE /* PokemonDetails.m */; };
		44E57C441E40F29A00B784CE /* PokemonCollectionViewCell.m in Sources */ = {isa = PBXBuildFile; fileRef = 44E57C431E40F29A00B784CE /* PokemonCollectionViewCell.m */; };
/* End PBXBuildFile section */

/* Begin PBXFileReference section */
		44E57C1A1E3FACDC00B784CE /* pokedex-objc.app */ = {isa = PBXFileReference; explicitFileType = wrapper.application; includeInIndex = 0; path = "pokedex-objc.app"; sourceTree = BUILT_PRODUCTS_DIR; };
		44E57C1E1E3FACDC00B784CE /* main.m */ = {isa = PBXFileReference; lastKnownFileType = sourcecode.c.objc; path = main.m; sourceTree = "<group>"; };
		44E57C201E3FACDC00B784CE /* AppDelegate.h */ = {isa = PBXFileReference; lastKnownFileType = sourcecode.c.h; path = AppDelegate.h; sourceTree = "<group>"; };
		44E57C211E3FACDC00B784CE /* AppDelegate.m */ = {isa = PBXFileReference; lastKnownFileType = sourcecode.c.objc; path = AppDelegate.m; sourceTree = "<group>"; };
		44E57C271E3FACDC00B784CE /* Base */ = {isa = PBXFileReference; lastKnownFileType = file.storyboard; name = Base; path = Base.lproj/Main.storyboard; sourceTree = "<group>"; };
		44E57C291E3FACDC00B784CE /* Assets.xcassets */ = {isa = PBXFileReference; lastKnownFileType = folder.assetcatalog; path = Assets.xcassets; sourceTree = "<group>"; };
		44E57C2C1E3FACDC00B784CE /* Base */ = {isa = PBXFileReference; lastKnownFileType = file.storyboard; name = Base; path = Base.lproj/LaunchScreen.storyboard; sourceTree = "<group>"; };
		44E57C2E1E3FACDC00B784CE /* Info.plist */ = {isa = PBXFileReference; lastKnownFileType = text.plist.xml; path = Info.plist; sourceTree = "<group>"; };
		44E57C341E3FB3A700B784CE /* PokemonListViewController.h */ = {isa = PBXFileReference; fileEncoding = 4; lastKnownFileType = sourcecode.c.h; path = PokemonListViewController.h; sourceTree = "<group>"; };
		44E57C351E3FB3A700B784CE /* PokemonListViewController.m */ = {isa = PBXFileReference; fileEncoding = 4; lastKnownFileType = sourcecode.c.objc; path = PokemonListViewController.m; sourceTree = "<group>"; };
		44E57C381E3FBAF400B784CE /* PokemonDetails.h */ = {isa = PBXFileReference; fileEncoding = 4; lastKnownFileType = sourcecode.c.h; path = PokemonDetails.h; sourceTree = "<group>"; };
		44E57C391E3FBAF400B784CE /* PokemonDetails.m */ = {isa = PBXFileReference; fileEncoding = 4; lastKnownFileType = sourcecode.c.objc; path = PokemonDetails.m; sourceTree = "<group>"; };
		44E57C3D1E3FBCFA00B784CE /* Constants.h */ = {isa = PBXFileReference; lastKnownFileType = sourcecode.c.h; path = Constants.h; sourceTree = "<group>"; };
		44E57C421E40F29A00B784CE /* PokemonCollectionViewCell.h */ = {isa = PBXFileReference; fileEncoding = 4; lastKnownFileType = sourcecode.c.h; path = PokemonCollectionViewCell.h; sourceTree = "<group>"; };
		44E57C431E40F29A00B784CE /* PokemonCollectionViewCell.m */ = {isa = PBXFileReference; fileEncoding = 4; lastKnownFileType = sourcecode.c.objc; path = PokemonCollectionViewCell.m; sourceTree = "<group>"; };
/* End PBXFileReference section */

/* Begin PBXFrameworksBuildPhase section */
		44E57C171E3FACDC00B784CE /* Frameworks */ = {
			isa = PBXFrameworksBuildPhase;
			buildActionMask = 2147483647;
			files = (
			);
			runOnlyForDeploymentPostprocessing = 0;
		};
/* End PBXFrameworksBuildPhase section */

/* Begin PBXGroup section */
		44E57C111E3FACDC00B784CE = {
			isa = PBXGroup;
			children = (
				44E57C1C1E3FACDC00B784CE /* pokedex-objc */,
				44E57C1B1E3FACDC00B784CE /* Products */,
				F195B53D96B337E37745C020 /* Frameworks */,
			);
			sourceTree = "<group>";
		};
		44E57C1B1E3FACDC00B784CE /* Products */ = {
			isa = PBXGroup;
			children = (
				44E57C1A1E3FACDC00B784CE /* pokedex-objc.app */,
			);
			name = Products;
			sourceTree = "<group>";
		};
		44E57C1C1E3FACDC00B784CE /* pokedex-objc */ = {
			isa = PBXGroup;
			children = (
				44E57C411E40F28000B784CE /* View */,
				44E57C3C1E3FBCE800B784CE /* Utils */,
				44E57C3B1E3FBB9500B784CE /* Controller */,
				44E57C371E3FBAE100B784CE /* Model */,
				44E57C201E3FACDC00B784CE /* AppDelegate.h */,
				44E57C211E3FACDC00B784CE /* AppDelegate.m */,
				44E57C261E3FACDC00B784CE /* Main.storyboard */,
				44E57C291E3FACDC00B784CE /* Assets.xcassets */,
				44E57C2B1E3FACDC00B784CE /* LaunchScreen.storyboard */,
				44E57C2E1E3FACDC00B784CE /* Info.plist */,
				44E57C1D1E3FACDC00B784CE /* Supporting Files */,
			);
			path = "pokedex-objc";
			sourceTree = "<group>";
		};
		44E57C1D1E3FACDC00B784CE /* Supporting Files */ = {
			isa = PBXGroup;
			children = (
				44E57C1E1E3FACDC00B784CE /* main.m */,
			);
			name = "Supporting Files";
			sourceTree = "<group>";
		};
		44E57C371E3FBAE100B784CE /* Model */ = {
			isa = PBXGroup;
			children = (
				44E57C381E3FBAF400B784CE /* PokemonDetails.h */,
				44E57C391E3FBAF400B784CE /* PokemonDetails.m */,
			);
			name = Model;
			sourceTree = "<group>";
		};
		44E57C3B1E3FBB9500B784CE /* Controller */ = {
			isa = PBXGroup;
			children = (
				44E57C341E3FB3A700B784CE /* PokemonListViewController.h */,
				44E57C351E3FB3A700B784CE /* PokemonListViewController.m */,
			);
			name = Controller;
			sourceTree = "<group>";
		};
		44E57C3C1E3FBCE800B784CE /* Utils */ = {
			isa = PBXGroup;
			children = (
				44E57C3D1E3FBCFA00B784CE /* Constants.h */,
			);
			name = Utils;
			sourceTree = "<group>";
		};
		44E57C411E40F28000B784CE /* View */ = {
			isa = PBXGroup;
			children = (
				44E57C421E40F29A00B784CE /* PokemonCollectionViewCell.h */,
				44E57C431E40F29A00B784CE /* PokemonCollectionViewCell.m */,
			);
			name = View;
			sourceTree = "<group>";
		};
		F195B53D96B337E37745C020 /* Frameworks */ = {
			isa = PBXGroup;
			children = (
			);
			name = Frameworks;
			sourceTree = "<group>";
		};
/* End PBXGroup section */

/* Begin PBXNativeTarget section */
		44E57C191E3FACDC00B784CE /* pokedex-objc */ = {
			isa = PBXNativeTarget;
			buildConfigurationList = 44E57C311E3FACDC00B784CE /* Build configuration list for PBXNativeTarget "pokedex-objc" */;
			buildPhases = (
				44E57C161E3FACDC00B784CE /* Sources */,
				44E57C171E3FACDC00B784CE /* Frameworks */,
				44E57C181E3FACDC00B784CE /* Resources */,
			);
			buildRules = (
			);
			dependencies = (
			);
			name = "pokedex-objc";
			productName = "pokedex-objc";
			productReference = 44E57C1A1E3FACDC00B784CE /* pokedex-objc.app */;
			productType = "com.apple.product-type.application";
		};
/* End PBXNativeTarget section */

/* Begin PBXProject section */
		44E57C121E3FACDC00B784CE /* Project object */ = {
			isa = PBXProject;
			attributes = {
				LastUpgradeCheck = 0820;
				ORGANIZATIONNAME = "Jericho Inc.";
				TargetAttributes = {
					44E57C191E3FACDC00B784CE = {
						CreatedOnToolsVersion = 8.2.1;
						DevelopmentTeam = WWNDK2NSW8;
						ProvisioningStyle = Automatic;
					};
				};
			};
			buildConfigurationList = 44E57C151E3FACDC00B784CE /* Build configuration list for PBXProject "pokedex-objc" */;
			compatibilityVersion = "Xcode 3.2";
			developmentRegion = English;
			hasScannedForEncodings = 0;
			knownRegions = (
				en,
				Base,
			);
			mainGroup = 44E57C111E3FACDC00B784CE;
			productRefGroup = 44E57C1B1E3FACDC00B784CE /* Products */;
			projectDirPath = "";
			projectRoot = "";
			targets = (
				44E57C191E3FACDC00B784CE /* pokedex-objc */,
			);
		};
/* End PBXProject section */

/* Begin PBXResourcesBuildPhase section */
		44E57C181E3FACDC00B784CE /* Resources */ = {
			isa = PBXResourcesBuildPhase;
			buildActionMask = 2147483647;
			files = (
				44E57C2D1E3FACDC00B784CE /* LaunchScreen.storyboard in Resources */,
				44E57C2A1E3FACDC00B784CE /* Assets.xcassets in Resources */,
				44E57C281E3FACDC00B784CE /* Main.storyboard in Resources */,
			);
			runOnlyForDeploymentPostprocessing = 0;
		};
/* End PBXResourcesBuildPhase section */

/* Begin PBXSourcesBuildPhase section */
		44E57C161E3FACDC00B784CE /* Sources */ = {
			isa = PBXSourcesBuildPhase;
			buildActionMask = 2147483647;
			files = (
				44E57C221E3FACDC00B784CE /* AppDelegate.m in Sources */,
				44E57C1F1E3FACDC00B784CE /* main.m in Sources */,
				44E57C3A1E3FBAF400B784CE /* PokemonDetails.m in Sources */,
				44E57C361E3FB3A700B784CE /* PokemonListViewController.m in Sources */,
				44E57C441E40F29A00B784CE /* PokemonCollectionViewCell.m in Sources */,
			);
			runOnlyForDeploymentPostprocessing = 0;
		};
/* End PBXSourcesBuildPhase section */

/* Begin PBXVariantGroup section */
		44E57C261E3FACDC00B784CE /* Main.storyboard */ = {
			isa = PBXVariantGroup;
			children = (
				44E57C271E3FACDC00B784CE /* Base */,
			);
			name = Main.storyboard;
			sourceTree = "<group>";
		};
		44E57C2B1E3FACDC00B784CE /* LaunchScreen.storyboard */ = {
			isa = PBXVariantGroup;
			children = (
				44E57C2C1E3FACDC00B784CE /* Base */,
			);
			name = LaunchScreen.storyboard;
			sourceTree = "<group>";
		};
/* End PBXVariantGroup section */

/* Begin XCBuildConfiguration section */
		44E57C2F1E3FACDC00B784CE /* Debug */ = {
			isa = XCBuildConfiguration;
			buildSettings = {
				ALWAYS_SEARCH_USER_PATHS = NO;
				CLANG_ANALYZER_NONNULL = YES;
				CLANG_CXX_LANGUAGE_STANDARD = "gnu++0x";
				CLANG_CXX_LIBRARY = "libc++";
				CLANG_ENABLE_MODULES = YES;
				CLANG_ENABLE_OBJC_ARC = YES;
				CLANG_WARN_BOOL_CONVERSION = YES;
				CLANG_WARN_CONSTANT_CONVERSION = YES;
				CLANG_WARN_DIRECT_OBJC_ISA_USAGE = YES_ERROR;
				CLANG_WARN_DOCUMENTATION_COMMENTS = YES;
				CLANG_WARN_EMPTY_BODY = YES;
				CLANG_WARN_ENUM_CONVERSION = YES;
				CLANG_WARN_INFINITE_RECURSION = YES;
				CLANG_WARN_INT_CONVERSION = YES;
				CLANG_WARN_OBJC_ROOT_CLASS = YES_ERROR;
				CLANG_WARN_SUSPICIOUS_MOVE = YES;
				CLANG_WARN_UNREACHABLE_CODE = YES;
				CLANG_WARN__DUPLICATE_METHOD_MATCH = YES;
				"CODE_SIGN_IDENTITY[sdk=iphoneos*]" = "iPhone Developer";
				COPY_PHASE_STRIP = NO;
				DEBUG_INFORMATION_FORMAT = dwarf;
				ENABLE_STRICT_OBJC_MSGSEND = YES;
				ENABLE_TESTABILITY = YES;
				GCC_C_LANGUAGE_STANDARD = gnu99;
				GCC_DYNAMIC_NO_PIC = NO;
				GCC_NO_COMMON_BLOCKS = YES;
				GCC_OPTIMIZATION_LEVEL = 0;
				GCC_PREPROCESSOR_DEFINITIONS = (
					"DEBUG=1",
					"$(inherited)",
				);
				GCC_WARN_64_TO_32_BIT_CONVERSION = YES;
				GCC_WARN_ABOUT_RETURN_TYPE = YES_ERROR;
				GCC_WARN_UNDECLARED_SELECTOR = YES;
				GCC_WARN_UNINITIALIZED_AUTOS = YES_AGGRESSIVE;
				GCC_WARN_UNUSED_FUNCTION = YES;
				GCC_WARN_UNUSED_VARIABLE = YES;
				IPHONEOS_DEPLOYMENT_TARGET = 10.2;
				MTL_ENABLE_DEBUG_INFO = YES;
				ONLY_ACTIVE_ARCH = YES;
				SDKROOT = iphoneos;
				TARGETED_DEVICE_FAMILY = "1,2";
			};
			name = Debug;
		};
		44E57C301E3FACDC00B784CE /* Release */ = {
			isa = XCBuildConfiguration;
			buildSettings = {
				ALWAYS_SEARCH_USER_PATHS = NO;
				CLANG_ANALYZER_NONNULL = YES;
				CLANG_CXX_LANGUAGE_STANDARD = "gnu++0x";
				CLANG_CXX_LIBRARY = "libc++";
				CLANG_ENABLE_MODULES = YES;
				CLANG_ENABLE_OBJC_ARC = YES;
				CLANG_WARN_BOOL_CONVERSION = YES;
				CLANG_WARN_CONSTANT_CONVERSION = YES;
				CLANG_WARN_DIRECT_OBJC_ISA_USAGE = YES_ERROR;
				CLANG_WARN_DOCUMENTATION_COMMENTS = YES;
				CLANG_WARN_EMPTY_BODY = YES;
				CLANG_WARN_ENUM_CONVERSION = YES;
				CLANG_WARN_INFINITE_RECURSION = YES;
				CLANG_WARN_INT_CONVERSION = YES;
				CLANG_WARN_OBJC_ROOT_CLASS = YES_ERROR;
				CLANG_WARN_SUSPICIOUS_MOVE = YES;
				CLANG_WARN_UNREACHABLE_CODE = YES;
				CLANG_WARN__DUPLICATE_METHOD_MATCH = YES;
				"CODE_SIGN_IDENTITY[sdk=iphoneos*]" = "iPhone Developer";
				COPY_PHASE_STRIP = NO;
				DEBUG_INFORMATION_FORMAT = "dwarf-with-dsym";
				ENABLE_NS_ASSERTIONS = NO;
				ENABLE_STRICT_OBJC_MSGSEND = YES;
				GCC_C_LANGUAGE_STANDARD = gnu99;
				GCC_NO_COMMON_BLOCKS = YES;
				GCC_WARN_64_TO_32_BIT_CONVERSION = YES;
				GCC_WARN_ABOUT_RETURN_TYPE = YES_ERROR;
				GCC_WARN_UNDECLARED_SELECTOR = YES;
				GCC_WARN_UNINITIALIZED_AUTOS = YES_AGGRESSIVE;
				GCC_WARN_UNUSED_FUNCTION = YES;
				GCC_WARN_UNUSED_VARIABLE = YES;
				IPHONEOS_DEPLOYMENT_TARGET = 10.2;
				MTL_ENABLE_DEBUG_INFO = NO;
				SDKROOT = iphoneos;
				TARGETED_DEVICE_FAMILY = "1,2";
				VALIDATE_PRODUCT = YES;
			};
			name = Release;
		};
		44E57C321E3FACDC00B784CE /* Debug */ = {
			isa = XCBuildConfiguration;
			buildSettings = {
				ASSETCATALOG_COMPILER_APPICON_NAME = AppIcon;
				DEVELOPMENT_TEAM = WWNDK2NSW8;
				INFOPLIST_FILE = "pokedex-objc/Info.plist";
				LD_RUNPATH_SEARCH_PATHS = "$(inherited) @executable_path/Frameworks";
				PRODUCT_BUNDLE_IDENTIFIER = "com.jericho.pokedex-objc";
				PRODUCT_NAME = "$(TARGET_NAME)";
			};
			name = Debug;
		};
		44E57C331E3FACDC00B784CE /* Release */ = {
			isa = XCBuildConfiguration;
			buildSettings = {
				ASSETCATALOG_COMPILER_APPICON_NAME = AppIcon;
				DEVELOPMENT_TEAM = WWNDK2NSW8;
				INFOPLIST_FILE = "pokedex-objc/Info.plist";
				LD_RUNPATH_SEARCH_PATHS = "$(inherited) @executable_path/Frameworks";
				PRODUCT_BUNDLE_IDENTIFIER = "com.jericho.pokedex-objc";
				PRODUCT_NAME = "$(TARGET_NAME)";
			};
			name = Release;
		};
/* End XCBuildConfiguration section */

/* Begin XCConfigurationList section */
		44E57C151E3FACDC00B784CE /* Build configuration list for PBXProject "pokedex-objc" */ = {
			isa = XCConfigurationList;
			buildConfigurations = (
				44E57C2F1E3FACDC00B784CE /* Debug */,
				44E57C301E3FACDC00B784CE /* Release */,
			);
			defaultConfigurationIsVisible = 0;
			defaultConfigurationName = Release;
		};
		44E57C311E3FACDC00B784CE /* Build configuration list for PBXNativeTarget "pokedex-objc" */ = {
			isa = XCConfigurationList;
			buildConfigurations = (
				44E57C321E3FACDC00B784CE /* Debug */,
				44E57C331E3FACDC00B784CE /* Release */,
			);
			defaultConfigurationIsVisible = 0;
			defaultConfigurationName = Release;
		};
/* End XCConfigurationList section */
	};
	rootObject = 44E57C121E3FACDC00B784CE /* Project object */;
}
